// !$*UTF8*$!
{
	archiveVersion = 1;
	classes = {
	};
	objectVersion = 46;
	objects = {

/* Begin PBXBuildFile section */
		2E99DFC91C47FAE900D1494F /* main.m in Sources */ = {isa = PBXBuildFile; fileRef = 2E99DFC81C47FAE900D1494F /* main.m */; };
		2E99DFD11C47FDC700D1494F /* Doctor.m in Sources */ = {isa = PBXBuildFile; fileRef = 2E99DFD01C47FDC700D1494F /* Doctor.m */; };
		2E99DFD41C47FDE600D1494F /* Patient.m in Sources */ = {isa = PBXBuildFile; fileRef = 2E99DFD31C47FDE600D1494F /* Patient.m */; };
		2E99DFD71C48045300D1494F /* InputCollector.m in Sources */ = {isa = PBXBuildFile; fileRef = 2E99DFD61C48045300D1494F /* InputCollector.m */; };
		2E99DFDD1C48240400D1494F /* Medication.m in Sources */ = {isa = PBXBuildFile; fileRef = 2E99DFDC1C48240400D1494F /* Medication.m */; };
/* End PBXBuildFile section */

/* Begin PBXCopyFilesBuildPhase section */
		2E99DFC31C47FAE900D1494F /* CopyFiles */ = {
			isa = PBXCopyFilesBuildPhase;
			buildActionMask = 2147483647;
			dstPath = /usr/share/man/man1/;
			dstSubfolderSpec = 0;
			files = (
			);
			runOnlyForDeploymentPostprocessing = 1;
		};
/* End PBXCopyFilesBuildPhase section */

/* Begin PBXFileReference section */
		2E99DFC51C47FAE900D1494F /* PatientAndDoctor */ = {isa = PBXFileReference; explicitFileType = "compiled.mach-o.executable"; includeInIndex = 0; path = PatientAndDoctor; sourceTree = BUILT_PRODUCTS_DIR; };
		2E99DFC81C47FAE900D1494F /* main.m */ = {isa = PBXFileReference; lastKnownFileType = sourcecode.c.objc; path = main.m; sourceTree = "<group>"; };
		2E99DFCF1C47FDC700D1494F /* Doctor.h */ = {isa = PBXFileReference; fileEncoding = 4; lastKnownFileType = sourcecode.c.h; path = Doctor.h; sourceTree = "<group>"; };
		2E99DFD01C47FDC700D1494F /* Doctor.m */ = {isa = PBXFileReference; fileEncoding = 4; lastKnownFileType = sourcecode.c.objc; path = Doctor.m; sourceTree = "<group>"; };
		2E99DFD21C47FDE600D1494F /* Patient.h */ = {isa = PBXFileReference; fileEncoding = 4; lastKnownFileType = sourcecode.c.h; path = Patient.h; sourceTree = "<group>"; };
		2E99DFD31C47FDE600D1494F /* Patient.m */ = {isa = PBXFileReference; fileEncoding = 4; lastKnownFileType = sourcecode.c.objc; path = Patient.m; sourceTree = "<group>"; };
		2E99DFD51C48045300D1494F /* InputCollector.h */ = {isa = PBXFileReference; fileEncoding = 4; lastKnownFileType = sourcecode.c.h; path = InputCollector.h; sourceTree = "<group>"; };
		2E99DFD61C48045300D1494F /* InputCollector.m */ = {isa = PBXFileReference; fileEncoding = 4; lastKnownFileType = sourcecode.c.objc; path = InputCollector.m; sourceTree = "<group>"; };
		2E99DFDB1C48240400D1494F /* Medication.h */ = {isa = PBXFileReference; fileEncoding = 4; lastKnownFileType = sourcecode.c.h; path = Medication.h; sourceTree = "<group>"; };
		2E99DFDC1C48240400D1494F /* Medication.m */ = {isa = PBXFileReference; fileEncoding = 4; lastKnownFileType = sourcecode.c.objc; path = Medication.m; sourceTree = "<group>"; };
/* End PBXFileReference section */

/* Begin PBXFrameworksBuildPhase section */
		2E99DFC21C47FAE900D1494F /* Frameworks */ = {
			isa = PBXFrameworksBuildPhase;
			buildActionMask = 2147483647;
			files = (
			);
			runOnlyForDeploymentPostprocessing = 0;
		};
/* End PBXFrameworksBuildPhase section */

/* Begin PBXGroup section */
		2E99DFBC1C47FAE900D1494F = {
			isa = PBXGroup;
			children = (
				2E99DFC71C47FAE900D1494F /* PatientAndDoctor */,
				2E99DFC61C47FAE900D1494F /* Products */,
			);
			sourceTree = "<group>";
		};
		2E99DFC61C47FAE900D1494F /* Products */ = {
			isa = PBXGroup;
			children = (
				2E99DFC51C47FAE900D1494F /* PatientAndDoctor */,
			);
			name = Products;
			sourceTree = "<group>";
		};
		2E99DFC71C47FAE900D1494F /* PatientAndDoctor */ = {
			isa = PBXGroup;
			children = (
				2E99DFC81C47FAE900D1494F /* main.m */,
				2E99DFD51C48045300D1494F /* InputCollector.h */,
				2E99DFD61C48045300D1494F /* InputCollector.m */,
				2E99DFCF1C47FDC700D1494F /* Doctor.h */,
				2E99DFD01C47FDC700D1494F /* Doctor.m */,
				2E99DFD21C47FDE600D1494F /* Patient.h */,
				2E99DFD31C47FDE600D1494F /* Patient.m */,
				2E99DFDB1C48240400D1494F /* Medication.h */,
				2E99DFDC1C48240400D1494F /* Medication.m */,
			);
			path = PatientAndDoctor;
			sourceTree = "<group>";
		};
/* End PBXGroup section */

/* Begin PBXNativeTarget section */
		2E99DFC41C47FAE900D1494F /* PatientAndDoctor */ = {
			isa = PBXNativeTarget;
			buildConfigurationList = 2E99DFCC1C47FAE900D1494F /* Build configuration list for PBXNativeTarget "PatientAndDoctor" */;
			buildPhases = (
				2E99DFC11C47FAE900D1494F /* Sources */,
				2E99DFC21C47FAE900D1494F /* Frameworks */,
				2E99DFC31C47FAE900D1494F /* CopyFiles */,
			);
			buildRules = (
			);
			dependencies = (
			);
			name = PatientAndDoctor;
			productName = PatientAndDoctor;
			productReference = 2E99DFC51C47FAE900D1494F /* PatientAndDoctor */;
			productType = "com.apple.product-type.tool";
		};
/* End PBXNativeTarget section */

/* Begin PBXProject section */
		2E99DFBD1C47FAE900D1494F /* Project object */ = {
			isa = PBXProject;
			attributes = {
				LastUpgradeCheck = 0720;
				ORGANIZATIONNAME = "Graeme Harrison";
				TargetAttributes = {
					2E99DFC41C47FAE900D1494F = {
						CreatedOnToolsVersion = 7.2;
					};
				};
			};
			buildConfigurationList = 2E99DFC01C47FAE900D1494F /* Build configuration list for PBXProject "PatientAndDoctor" */;
			compatibilityVersion = "Xcode 3.2";
			developmentRegion = English;
			hasScannedForEncodings = 0;
			knownRegions = (
				en,
			);
			mainGroup = 2E99DFBC1C47FAE900D1494F;
			productRefGroup = 2E99DFC61C47FAE900D1494F /* Products */;
			projectDirPath = "";
			projectRoot = "";
			targets = (
				2E99DFC41C47FAE900D1494F /* PatientAndDoctor */,
			);
		};
/* End PBXProject section */

/* Begin PBXSourcesBuildPhase section */
		2E99DFC11C47FAE900D1494F /* Sources */ = {
			isa = PBXSourcesBuildPhase;
			buildActionMask = 2147483647;
			files = (
				2E99DFD41C47FDE600D1494F /* Patient.m in Sources */,
				2E99DFD11C47FDC700D1494F /* Doctor.m in Sources */,
				2E99DFD71C48045300D1494F /* InputCollector.m in Sources */,
				2E99DFDD1C48240400D1494F /* Medication.m in Sources */,
				2E99DFC91C47FAE900D1494F /* main.m in Sources */,
			);
			runOnlyForDeploymentPostprocessing = 0;
		};
/* End PBXSourcesBuildPhase section */

/* Begin XCBuildConfiguration section */
		2E99DFCA1C47FAE900D1494F /* Debug */ = {
			isa = XCBuildConfiguration;
			buildSettings = {
				ALWAYS_SEARCH_USER_PATHS = NO;
				CLANG_CXX_LANGUAGE_STANDARD = "gnu++0x";
				CLANG_CXX_LIBRARY = "libc++";
				CLANG_ENABLE_MODULES = YES;
				CLANG_ENABLE_OBJC_ARC = YES;
				CLANG_WARN_BOOL_CONVERSION = YES;
				CLANG_WARN_CONSTANT_CONVERSION = YES;
				CLANG_WARN_DIRECT_OBJC_ISA_USAGE = YES_ERROR;
				CLANG_WARN_EMPTY_BODY = YES;
				CLANG_WARN_ENUM_CONVERSION = YES;
				CLANG_WARN_INT_CONVERSION = YES;
				CLANG_WARN_OBJC_ROOT_CLASS = YES_ERROR;
				CLANG_WARN_UNREACHABLE_CODE = YES;
				CLANG_WARN__DUPLICATE_METHOD_MATCH = YES;
				CODE_SIGN_IDENTITY = "-";
				COPY_PHASE_STRIP = NO;
				DEBUG_INFORMATION_FORMAT = dwarf;
				ENABLE_STRICT_OBJC_MSGSEND = YES;
				ENABLE_TESTABILITY = YES;
				GCC_C_LANGUAGE_STANDARD = gnu99;
				GCC_DYNAMIC_NO_PIC = NO;
				GCC_NO_COMMON_BLOCKS = YES;
				GCC_OPTIMIZATION_LEVEL = 0;
				GCC_PREPROCESSOR_DEFINITIONS = (
					"DEBUG=1",
					"$(inherited)",
				);
				GCC_WARN_64_TO_32_BIT_CONVERSION = YES;
				GCC_WARN_ABOUT_RETURN_TYPE = YES_ERROR;
				GCC_WARN_UNDECLARED_SELECTOR = YES;
				GCC_WARN_UNINITIALIZED_AUTOS = YES_AGGRESSIVE;
				GCC_WARN_UNUSED_FUNCTION = YES;
				GCC_WARN_UNUSED_VARIABLE = YES;
				MACOSX_DEPLOYMENT_TARGET = 10.11;
				MTL_ENABLE_DEBUG_INFO = YES;
				ONLY_ACTIVE_ARCH = YES;
				SDKROOT = macosx;
			};
			name = Debug;
		};
		2E99DFCB1C47FAE900D1494F /* Release */ = {
			isa = XCBuildConfiguration;
			buildSettings = {
				ALWAYS_SEARCH_USER_PATHS = NO;
				CLANG_CXX_LANGUAGE_STANDARD = "gnu++0x";
				CLANG_CXX_LIBRARY = "libc++";
				CLANG_ENABLE_MODULES = YES;
				CLANG_ENABLE_OBJC_ARC = YES;
				CLANG_WARN_BOOL_CONVERSION = YES;
				CLANG_WARN_CONSTANT_CONVERSION = YES;
				CLANG_WARN_DIRECT_OBJC_ISA_USAGE = YES_ERROR;
				CLANG_WARN_EMPTY_BODY = YES;
				CLANG_WARN_ENUM_CONVERSION = YES;
				CLANG_WARN_INT_CONVERSION = YES;
				CLANG_WARN_OBJC_ROOT_CLASS = YES_ERROR;
				CLANG_WARN_UNREACHABLE_CODE = YES;
				CLANG_WARN__DUPLICATE_METHOD_MATCH = YES;
				CODE_SIGN_IDENTITY = "-";
				COPY_PHASE_STRIP = NO;
				DEBUG_INFORMATION_FORMAT = "dwarf-with-dsym";
				ENABLE_NS_ASSERTIONS = NO;
				ENABLE_STRICT_OBJC_MSGSEND = YES;
				GCC_C_LANGUAGE_STANDARD = gnu99;
				GCC_NO_COMMON_BLOCKS = YES;
				GCC_WARN_64_TO_32_BIT_CONVERSION = YES;
				GCC_WARN_ABOUT_RETURN_TYPE = YES_ERROR;
				GCC_WARN_UNDECLARED_SELECTOR = YES;
				GCC_WARN_UNINITIALIZED_AUTOS = YES_AGGRESSIVE;
				GCC_WARN_UNUSED_FUNCTION = YES;
				GCC_WARN_UNUSED_VARIABLE = YES;
				MACOSX_DEPLOYMENT_TARGET = 10.11;
				MTL_ENABLE_DEBUG_INFO = NO;
				SDKROOT = macosx;
			};
			name = Release;
		};
		2E99DFCD1C47FAE900D1494F /* Debug */ = {
			isa = XCBuildConfiguration;
			buildSettings = {
				PRODUCT_NAME = "$(TARGET_NAME)";
			};
			name = Debug;
		};
		2E99DFCE1C47FAE900D1494F /* Release */ = {
			isa = XCBuildConfiguration;
			buildSettings = {
				PRODUCT_NAME = "$(TARGET_NAME)";
			};
			name = Release;
		};
/* End XCBuildConfiguration section */

/* Begin XCConfigurationList section */
		2E99DFC01C47FAE900D1494F /* Build configuration list for PBXProject "PatientAndDoctor" */ = {
			isa = XCConfigurationList;
			buildConfigurations = (
				2E99DFCA1C47FAE900D1494F /* Debug */,
				2E99DFCB1C47FAE900D1494F /* Release */,
			);
			defaultConfigurationIsVisible = 0;
			defaultConfigurationName = Release;
		};
		2E99DFCC1C47FAE900D1494F /* Build configuration list for PBXNativeTarget "PatientAndDoctor" */ = {
			isa = XCConfigurationList;
			buildConfigurations = (
				2E99DFCD1C47FAE900D1494F /* Debug */,
				2E99DFCE1C47FAE900D1494F /* Release */,
			);
			defaultConfigurationIsVisible = 0;
		};
/* End XCConfigurationList section */
	};
	rootObject = 2E99DFBD1C47FAE900D1494F /* Project object */;
}
